
Microsoft Visual Studio Solution File, Format Version 12.00
# Visual Studio Version 16
VisualStudioVersion = 16.0.31702.278
MinimumVisualStudioVersion = 10.0.40219.1
Project("{9A19103F-16F7-4668-BE54-9A1E7A4F7556}") = "BolcherDBModelLibrary", "BolcherDBModelLibrary\BolcherDBModelLibrary.csproj", "{A335779F-C73A-4DA7-A273-088F34511AD4}"
EndProject
Project("{9A19103F-16F7-4668-BE54-9A1E7A4F7556}") = "BolcherDBDataAccessLibrary", "BolcherDBDataAccessLibrary\BolcherDBDataAccessLibrary.csproj", "{FF3B29B6-C04C-4E70-A8BD-97DE0E50AE49}"
EndProject
Project("{9A19103F-16F7-4668-BE54-9A1E7A4F7556}") = "BolcherDBUI", "BolcherDBUI\BolcherDBUI.csproj", "{9656995F-382F-4B66-BB4A-5A4336A694F0}"
EndProject
Project("{9A19103F-16F7-4668-BE54-9A1E7A4F7556}") = "BolcherDBAPI", "BolcherDBAPI\BolcherDBAPI.csproj", "{6D306BA6-77FC-4C7F-8B8F-B677EAC36644}"
EndProject
Project("{FAE04EC0-301F-11D3-BF4B-00C04F79EFBC}") = "BolcherDBAPI.IntegrationTests", "BolcherDBAPI.IntegrationTests\BolcherDBAPI.IntegrationTests.csproj", "{F94F051A-5FE8-4883-AAFA-853A64CEA324}"
EndProject
Global
	GlobalSection(SolutionConfigurationPlatforms) = preSolution
		Debug|Any CPU = Debug|Any CPU
		Release|Any CPU = Release|Any CPU
	EndGlobalSection
	GlobalSection(ProjectConfigurationPlatforms) = postSolution
		{A335779F-C73A-4DA7-A273-088F34511AD4}.Debug|Any CPU.ActiveCfg = Debug|Any CPU
		{A335779F-C73A-4DA7-A273-088F34511AD4}.Debug|Any CPU.Build.0 = Debug|Any CPU
		{A335779F-C73A-4DA7-A273-088F34511AD4}.Release|Any CPU.ActiveCfg = Release|Any CPU
		{A335779F-C73A-4DA7-A273-088F34511AD4}.Release|Any CPU.Build.0 = Release|Any CPU
		{FF3B29B6-C04C-4E70-A8BD-97DE0E50AE49}.Debug|Any CPU.ActiveCfg = Debug|Any CPU
		{FF3B29B6-C04C-4E70-A8BD-97DE0E50AE49}.Debug|Any CPU.Build.0 = Debug|Any CPU
		{FF3B29B6-C04C-4E70-A8BD-97DE0E50AE49}.Release|Any CPU.ActiveCfg = Release|Any CPU
		{FF3B29B6-C04C-4E70-A8BD-97DE0E50AE49}.Release|Any CPU.Build.0 = Release|Any CPU
		{9656995F-382F-4B66-BB4A-5A4336A694F0}.Debug|Any CPU.ActiveCfg = Debug|Any CPU
		{9656995F-382F-4B66-BB4A-5A4336A694F0}.Debug|Any CPU.Build.0 = Debug|Any CPU
		{9656995F-382F-4B66-BB4A-5A4336A694F0}.Release|Any CPU.ActiveCfg = Release|Any CPU
		{9656995F-382F-4B66-BB4A-5A4336A694F0}.Release|Any CPU.Build.0 = Release|Any CPU
		{6D306BA6-77FC-4C7F-8B8F-B677EAC36644}.Debug|Any CPU.ActiveCfg = Debug|Any CPU
		{6D306BA6-77FC-4C7F-8B8F-B677EAC36644}.Debug|Any CPU.Build.0 = Debug|Any CPU
		{6D306BA6-77FC-4C7F-8B8F-B677EAC36644}.Release|Any CPU.ActiveCfg = Release|Any CPU
		{6D306BA6-77FC-4C7F-8B8F-B677EAC36644}.Release|Any CPU.Build.0 = Release|Any CPU
		{F94F051A-5FE8-4883-AAFA-853A64CEA324}.Debug|Any CPU.ActiveCfg = Debug|Any CPU
		{F94F051A-5FE8-4883-AAFA-853A64CEA324}.Debug|Any CPU.Build.0 = Debug|Any CPU
		{F94F051A-5FE8-4883-AAFA-853A64CEA324}.Release|Any CPU.ActiveCfg = Release|Any CPU
		{F94F051A-5FE8-4883-AAFA-853A64CEA324}.Release|Any CPU.Build.0 = Release|Any CPU
	EndGlobalSection
	GlobalSection(SolutionProperties) = preSolution
		HideSolutionNode = FALSE
	EndGlobalSection
	GlobalSection(ExtensibilityGlobals) = postSolution
		SolutionGuid = {73607E66-B812-4150-A8FD-AF738481E3F4}
	EndGlobalSection
EndGlobal
